
Microsoft Visual Studio Solution File, Format Version 12.00
# Visual Studio Version 17
VisualStudioVersion = 17.7.34202.233
MinimumVisualStudioVersion = 10.0.40219.1
Project("{9A19103F-16F7-4668-BE54-9A1E7A4F7556}") = "WaveWatchApi", "WaveWatchApi\WaveWatchApi.csproj", "{DE7C1C1F-766D-4DBB-9803-92586B7E454F}"
EndProject
Project("{9A19103F-16F7-4668-BE54-9A1E7A4F7556}") = "WaveWatchWeb", "WaveWatchWeb\WaveWatchWeb.csproj", "{44DF7246-74AD-414A-86B9-ADF105D591B1}"
EndProject
Global
	GlobalSection(SolutionConfigurationPlatforms) = preSolution
		Debug|Any CPU = Debug|Any CPU
		Release|Any CPU = Release|Any CPU
	EndGlobalSection
	GlobalSection(ProjectConfigurationPlatforms) = postSolution
		{DE7C1C1F-766D-4DBB-9803-92586B7E454F}.Debug|Any CPU.ActiveCfg = Debug|Any CPU
		{DE7C1C1F-766D-4DBB-9803-92586B7E454F}.Debug|Any CPU.Build.0 = Debug|Any CPU
		{DE7C1C1F-766D-4DBB-9803-92586B7E454F}.Release|Any CPU.ActiveCfg = Release|Any CPU
		{DE7C1C1F-766D-4DBB-9803-92586B7E454F}.Release|Any CPU.Build.0 = Release|Any CPU
		{44DF7246-74AD-414A-86B9-ADF105D591B1}.Debug|Any CPU.ActiveCfg = Debug|Any CPU
		{44DF7246-74AD-414A-86B9-ADF105D591B1}.Debug|Any CPU.Build.0 = Debug|Any CPU
		{44DF7246-74AD-414A-86B9-ADF105D591B1}.Release|Any CPU.ActiveCfg = Release|Any CPU
		{44DF7246-74AD-414A-86B9-ADF105D591B1}.Release|Any CPU.Build.0 = Release|Any CPU
	EndGlobalSection
	GlobalSection(SolutionProperties) = preSolution
		HideSolutionNode = FALSE
	EndGlobalSection
	GlobalSection(ExtensibilityGlobals) = postSolution
		SolutionGuid = {0B8224F3-C888-48AE-B8F9-4465495AC5FF}
	EndGlobalSection
EndGlobal
